// !$*UTF8*$!
{
	archiveVersion = 1;
	classes = {
	};
	objectVersion = 56;
	objects = {

/* Begin PBXBuildFile section */
		CE0238702A62058100C1800E /* Camera.swift in Sources */ = {isa = PBXBuildFile; fileRef = CE02386F2A62058100C1800E /* Camera.swift */; };
		CE0238722A62183600C1800E /* PhotoLibrary.swift in Sources */ = {isa = PBXBuildFile; fileRef = CE0238712A62183600C1800E /* PhotoLibrary.swift */; };
		CE7E99702A49152D00A8320D /* PaletteChooser.swift in Sources */ = {isa = PBXBuildFile; fileRef = CE7E996F2A49152D00A8320D /* PaletteChooser.swift */; };
		CE7E99722A494D6900A8320D /* PaletteEditor.swift in Sources */ = {isa = PBXBuildFile; fileRef = CE7E99712A494D6900A8320D /* PaletteEditor.swift */; };
		CE7E99742A4A7B1400A8320D /* PaletteManager.swift in Sources */ = {isa = PBXBuildFile; fileRef = CE7E99732A4A7B1400A8320D /* PaletteManager.swift */; };
		CE87FD142A393407001B6CAC /* EmojiArtApp.swift in Sources */ = {isa = PBXBuildFile; fileRef = CE87FD132A393407001B6CAC /* EmojiArtApp.swift */; };
		CE87FD162A393407001B6CAC /* EmojiArtDocumentView.swift in Sources */ = {isa = PBXBuildFile; fileRef = CE87FD152A393407001B6CAC /* EmojiArtDocumentView.swift */; };
		CE87FD182A393409001B6CAC /* Assets.xcassets in Resources */ = {isa = PBXBuildFile; fileRef = CE87FD172A393409001B6CAC /* Assets.xcassets */; };
		CE87FD1B2A393409001B6CAC /* Preview Assets.xcassets in Resources */ = {isa = PBXBuildFile; fileRef = CE87FD1A2A393409001B6CAC /* Preview Assets.xcassets */; };
		CE87FD222A39371E001B6CAC /* EmojiArtModel.swift in Sources */ = {isa = PBXBuildFile; fileRef = CE87FD212A39371E001B6CAC /* EmojiArtModel.swift */; };
		CE87FD242A39372B001B6CAC /* EmojiArtModel.Background.swift in Sources */ = {isa = PBXBuildFile; fileRef = CE87FD232A39372B001B6CAC /* EmojiArtModel.Background.swift */; };
		CE87FD262A393C5B001B6CAC /* EmojiArtDocument.swift in Sources */ = {isa = PBXBuildFile; fileRef = CE87FD252A393C5B001B6CAC /* EmojiArtDocument.swift */; };
		CE87FD292A393F64001B6CAC /* UtilityViews.swift in Sources */ = {isa = PBXBuildFile; fileRef = CE87FD272A393F64001B6CAC /* UtilityViews.swift */; };
		CE87FD2A2A393F64001B6CAC /* UtilityExtensions.swift in Sources */ = {isa = PBXBuildFile; fileRef = CE87FD282A393F64001B6CAC /* UtilityExtensions.swift */; };
		CEBABF162A46B1CD0071E143 /* PaletteStore.swift in Sources */ = {isa = PBXBuildFile; fileRef = CEBABF152A46B1CD0071E143 /* PaletteStore.swift */; };
/* End PBXBuildFile section */

/* Begin PBXFileReference section */
		CE02386F2A62058100C1800E /* Camera.swift */ = {isa = PBXFileReference; lastKnownFileType = sourcecode.swift; path = Camera.swift; sourceTree = "<group>"; };
		CE0238712A62183600C1800E /* PhotoLibrary.swift */ = {isa = PBXFileReference; lastKnownFileType = sourcecode.swift; path = PhotoLibrary.swift; sourceTree = SOURCE_ROOT; };
		CE17351D2A5E4A0A00B5F17F /* Info.plist */ = {isa = PBXFileReference; lastKnownFileType = text.plist.xml; path = Info.plist; sourceTree = "<group>"; };
		CE7E996F2A49152D00A8320D /* PaletteChooser.swift */ = {isa = PBXFileReference; lastKnownFileType = sourcecode.swift; name = PaletteChooser.swift; path = EmojiArt/View/PaletteChooser.swift; sourceTree = SOURCE_ROOT; };
		CE7E99712A494D6900A8320D /* PaletteEditor.swift */ = {isa = PBXFileReference; lastKnownFileType = sourcecode.swift; name = PaletteEditor.swift; path = EmojiArt/View/PaletteEditor.swift; sourceTree = SOURCE_ROOT; };
		CE7E99732A4A7B1400A8320D /* PaletteManager.swift */ = {isa = PBXFileReference; lastKnownFileType = sourcecode.swift; name = PaletteManager.swift; path = EmojiArt/View/PaletteManager.swift; sourceTree = SOURCE_ROOT; };
		CE87FD102A393407001B6CAC /* EmojiArt.app */ = {isa = PBXFileReference; explicitFileType = wrapper.application; includeInIndex = 0; path = EmojiArt.app; sourceTree = BUILT_PRODUCTS_DIR; };
		CE87FD132A393407001B6CAC /* EmojiArtApp.swift */ = {isa = PBXFileReference; lastKnownFileType = sourcecode.swift; path = EmojiArtApp.swift; sourceTree = "<group>"; };
		CE87FD152A393407001B6CAC /* EmojiArtDocumentView.swift */ = {isa = PBXFileReference; lastKnownFileType = sourcecode.swift; path = EmojiArtDocumentView.swift; sourceTree = "<group>"; };
		CE87FD172A393409001B6CAC /* Assets.xcassets */ = {isa = PBXFileReference; lastKnownFileType = folder.assetcatalog; path = Assets.xcassets; sourceTree = "<group>"; };
		CE87FD1A2A393409001B6CAC /* Preview Assets.xcassets */ = {isa = PBXFileReference; lastKnownFileType = folder.assetcatalog; path = "Preview Assets.xcassets"; sourceTree = "<group>"; };
		CE87FD212A39371E001B6CAC /* EmojiArtModel.swift */ = {isa = PBXFileReference; lastKnownFileType = sourcecode.swift; path = EmojiArtModel.swift; sourceTree = "<group>"; };
		CE87FD232A39372B001B6CAC /* EmojiArtModel.Background.swift */ = {isa = PBXFileReference; lastKnownFileType = sourcecode.swift; path = EmojiArtModel.Background.swift; sourceTree = "<group>"; };
		CE87FD252A393C5B001B6CAC /* EmojiArtDocument.swift */ = {isa = PBXFileReference; lastKnownFileType = sourcecode.swift; path = EmojiArtDocument.swift; sourceTree = "<group>"; };
		CE87FD272A393F64001B6CAC /* UtilityViews.swift */ = {isa = PBXFileReference; fileEncoding = 4; lastKnownFileType = sourcecode.swift; path = UtilityViews.swift; sourceTree = "<group>"; };
		CE87FD282A393F64001B6CAC /* UtilityExtensions.swift */ = {isa = PBXFileReference; fileEncoding = 4; lastKnownFileType = sourcecode.swift; path = UtilityExtensions.swift; sourceTree = "<group>"; };
		CEBABF152A46B1CD0071E143 /* PaletteStore.swift */ = {isa = PBXFileReference; lastKnownFileType = sourcecode.swift; name = PaletteStore.swift; path = EmojiArt/ViewModel/PaletteStore.swift; sourceTree = SOURCE_ROOT; };
/* End PBXFileReference section */

/* Begin PBXFrameworksBuildPhase section */
		CE87FD0D2A393407001B6CAC /* Frameworks */ = {
			isa = PBXFrameworksBuildPhase;
			buildActionMask = 2147483647;
			files = (
			);
			runOnlyForDeploymentPostprocessing = 0;
		};
/* End PBXFrameworksBuildPhase section */

/* Begin PBXGroup section */
		CE7E99752A4AAD7F00A8320D /* Model */ = {
			isa = PBXGroup;
			children = (
				CE87FD212A39371E001B6CAC /* EmojiArtModel.swift */,
				CE87FD232A39372B001B6CAC /* EmojiArtModel.Background.swift */,
			);
			path = Model;
			sourceTree = "<group>";
		};
		CE7E99762A4AAD8A00A8320D /* View */ = {
			isa = PBXGroup;
			children = (
				CE0238712A62183600C1800E /* PhotoLibrary.swift */,
				CE87FD152A393407001B6CAC /* EmojiArtDocumentView.swift */,
				CE02386F2A62058100C1800E /* Camera.swift */,
				CE7E99732A4A7B1400A8320D /* PaletteManager.swift */,
				CE7E99712A494D6900A8320D /* PaletteEditor.swift */,
				CE7E996F2A49152D00A8320D /* PaletteChooser.swift */,
			);
			path = View;
			sourceTree = "<group>";
		};
		CE7E99772A4AAD9000A8320D /* ViewModel */ = {
			isa = PBXGroup;
			children = (
				CE87FD252A393C5B001B6CAC /* EmojiArtDocument.swift */,
				CEBABF152A46B1CD0071E143 /* PaletteStore.swift */,
			);
			path = ViewModel;
			sourceTree = "<group>";
		};
		CE7E99782A4AC2E000A8320D /* Utility */ = {
			isa = PBXGroup;
			children = (
				CE87FD282A393F64001B6CAC /* UtilityExtensions.swift */,
				CE87FD272A393F64001B6CAC /* UtilityViews.swift */,
			);
			path = Utility;
			sourceTree = "<group>";
		};
		CE87FD072A393407001B6CAC = {
			isa = PBXGroup;
			children = (
				CE87FD122A393407001B6CAC /* EmojiArt */,
				CE87FD112A393407001B6CAC /* Products */,
			);
			sourceTree = "<group>";
		};
		CE87FD112A393407001B6CAC /* Products */ = {
			isa = PBXGroup;
			children = (
				CE87FD102A393407001B6CAC /* EmojiArt.app */,
			);
			name = Products;
			sourceTree = "<group>";
		};
		CE87FD122A393407001B6CAC /* EmojiArt */ = {
			isa = PBXGroup;
			children = (
				CE17351D2A5E4A0A00B5F17F /* Info.plist */,
				CE7E99782A4AC2E000A8320D /* Utility */,
				CE7E99772A4AAD9000A8320D /* ViewModel */,
				CE7E99762A4AAD8A00A8320D /* View */,
				CE7E99752A4AAD7F00A8320D /* Model */,
				CE87FD132A393407001B6CAC /* EmojiArtApp.swift */,
				CE87FD172A393409001B6CAC /* Assets.xcassets */,
				CE87FD192A393409001B6CAC /* Preview Content */,
			);
			path = EmojiArt;
			sourceTree = "<group>";
		};
		CE87FD192A393409001B6CAC /* Preview Content */ = {
			isa = PBXGroup;
			children = (
				CE87FD1A2A393409001B6CAC /* Preview Assets.xcassets */,
			);
			path = "Preview Content";
			sourceTree = "<group>";
		};
/* End PBXGroup section */

/* Begin PBXNativeTarget section */
		CE87FD0F2A393407001B6CAC /* EmojiArt */ = {
			isa = PBXNativeTarget;
			buildConfigurationList = CE87FD1E2A393409001B6CAC /* Build configuration list for PBXNativeTarget "EmojiArt" */;
			buildPhases = (
				CE87FD0C2A393407001B6CAC /* Sources */,
				CE87FD0D2A393407001B6CAC /* Frameworks */,
				CE87FD0E2A393407001B6CAC /* Resources */,
			);
			buildRules = (
			);
			dependencies = (
			);
			name = EmojiArt;
			productName = EmojiArt;
			productReference = CE87FD102A393407001B6CAC /* EmojiArt.app */;
			productType = "com.apple.product-type.application";
		};
/* End PBXNativeTarget section */

/* Begin PBXProject section */
		CE87FD082A393407001B6CAC /* Project object */ = {
			isa = PBXProject;
			attributes = {
				BuildIndependentTargetsInParallel = 1;
				LastSwiftUpdateCheck = 1420;
				LastUpgradeCheck = 1420;
				TargetAttributes = {
					CE87FD0F2A393407001B6CAC = {
						CreatedOnToolsVersion = 14.2;
					};
				};
			};
			buildConfigurationList = CE87FD0B2A393407001B6CAC /* Build configuration list for PBXProject "EmojiArt" */;
			compatibilityVersion = "Xcode 14.0";
			developmentRegion = en;
			hasScannedForEncodings = 0;
			knownRegions = (
				en,
				Base,
			);
			mainGroup = CE87FD072A393407001B6CAC;
			productRefGroup = CE87FD112A393407001B6CAC /* Products */;
			projectDirPath = "";
			projectRoot = "";
			targets = (
				CE87FD0F2A393407001B6CAC /* EmojiArt */,
			);
		};
/* End PBXProject section */

/* Begin PBXResourcesBuildPhase section */
		CE87FD0E2A393407001B6CAC /* Resources */ = {
			isa = PBXResourcesBuildPhase;
			buildActionMask = 2147483647;
			files = (
				CE87FD1B2A393409001B6CAC /* Preview Assets.xcassets in Resources */,
				CE87FD182A393409001B6CAC /* Assets.xcassets in Resources */,
			);
			runOnlyForDeploymentPostprocessing = 0;
		};
/* End PBXResourcesBuildPhase section */

/* Begin PBXSourcesBuildPhase section */
		CE87FD0C2A393407001B6CAC /* Sources */ = {
			isa = PBXSourcesBuildPhase;
			buildActionMask = 2147483647;
			files = (
				CE87FD162A393407001B6CAC /* EmojiArtDocumentView.swift in Sources */,
				CE0238722A62183600C1800E /* PhotoLibrary.swift in Sources */,
				CE7E99742A4A7B1400A8320D /* PaletteManager.swift in Sources */,
				CEBABF162A46B1CD0071E143 /* PaletteStore.swift in Sources */,
				CE7E99722A494D6900A8320D /* PaletteEditor.swift in Sources */,
				CE87FD142A393407001B6CAC /* EmojiArtApp.swift in Sources */,
				CE87FD262A393C5B001B6CAC /* EmojiArtDocument.swift in Sources */,
				CE87FD2A2A393F64001B6CAC /* UtilityExtensions.swift in Sources */,
				CE87FD222A39371E001B6CAC /* EmojiArtModel.swift in Sources */,
				CE0238702A62058100C1800E /* Camera.swift in Sources */,
				CE87FD242A39372B001B6CAC /* EmojiArtModel.Background.swift in Sources */,
				CE87FD292A393F64001B6CAC /* UtilityViews.swift in Sources */,
				CE7E99702A49152D00A8320D /* PaletteChooser.swift in Sources */,
			);
			runOnlyForDeploymentPostprocessing = 0;
		};
/* End PBXSourcesBuildPhase section */

/* Begin XCBuildConfiguration section */
		CE87FD1C2A393409001B6CAC /* Debug */ = {
			isa = XCBuildConfiguration;
			buildSettings = {
				ALWAYS_SEARCH_USER_PATHS = NO;
				CLANG_ANALYZER_NONNULL = YES;
				CLANG_ANALYZER_NUMBER_OBJECT_CONVERSION = YES_AGGRESSIVE;
				CLANG_CXX_LANGUAGE_STANDARD = "gnu++20";
				CLANG_ENABLE_MODULES = YES;
				CLANG_ENABLE_OBJC_ARC = YES;
				CLANG_ENABLE_OBJC_WEAK = YES;
				CLANG_WARN_BLOCK_CAPTURE_AUTORELEASING = YES;
				CLANG_WARN_BOOL_CONVERSION = YES;
				CLANG_WARN_COMMA = YES;
				CLANG_WARN_CONSTANT_CONVERSION = YES;
				CLANG_WARN_DEPRECATED_OBJC_IMPLEMENTATIONS = YES;
				CLANG_WARN_DIRECT_OBJC_ISA_USAGE = YES_ERROR;
				CLANG_WARN_DOCUMENTATION_COMMENTS = YES;
				CLANG_WARN_EMPTY_BODY = YES;
				CLANG_WARN_ENUM_CONVERSION = YES;
				CLANG_WARN_INFINITE_RECURSION = YES;
				CLANG_WARN_INT_CONVERSION = YES;
				CLANG_WARN_NON_LITERAL_NULL_CONVERSION = YES;
				CLANG_WARN_OBJC_IMPLICIT_RETAIN_SELF = YES;
				CLANG_WARN_OBJC_LITERAL_CONVERSION = YES;
				CLANG_WARN_OBJC_ROOT_CLASS = YES_ERROR;
				CLANG_WARN_QUOTED_INCLUDE_IN_FRAMEWORK_HEADER = YES;
				CLANG_WARN_RANGE_LOOP_ANALYSIS = YES;
				CLANG_WARN_STRICT_PROTOTYPES = YES;
				CLANG_WARN_SUSPICIOUS_MOVE = YES;
				CLANG_WARN_UNGUARDED_AVAILABILITY = YES_AGGRESSIVE;
				CLANG_WARN_UNREACHABLE_CODE = YES;
				CLANG_WARN__DUPLICATE_METHOD_MATCH = YES;
				COPY_PHASE_STRIP = NO;
				DEBUG_INFORMATION_FORMAT = dwarf;
				ENABLE_STRICT_OBJC_MSGSEND = YES;
				ENABLE_TESTABILITY = YES;
				GCC_C_LANGUAGE_STANDARD = gnu11;
				GCC_DYNAMIC_NO_PIC = NO;
				GCC_NO_COMMON_BLOCKS = YES;
				GCC_OPTIMIZATION_LEVEL = 0;
				GCC_PREPROCESSOR_DEFINITIONS = (
					"DEBUG=1",
					"$(inherited)",
				);
				GCC_WARN_64_TO_32_BIT_CONVERSION = YES;
				GCC_WARN_ABOUT_RETURN_TYPE = YES_ERROR;
				GCC_WARN_UNDECLARED_SELECTOR = YES;
				GCC_WARN_UNINITIALIZED_AUTOS = YES_AGGRESSIVE;
				GCC_WARN_UNUSED_FUNCTION = YES;
				GCC_WARN_UNUSED_VARIABLE = YES;
				IPHONEOS_DEPLOYMENT_TARGET = 16.2;
				MTL_ENABLE_DEBUG_INFO = INCLUDE_SOURCE;
				MTL_FAST_MATH = YES;
				ONLY_ACTIVE_ARCH = YES;
				SDKROOT = iphoneos;
				SWIFT_ACTIVE_COMPILATION_CONDITIONS = DEBUG;
				SWIFT_OPTIMIZATION_LEVEL = "-Onone";
			};
			name = Debug;
		};
		CE87FD1D2A393409001B6CAC /* Release */ = {
			isa = XCBuildConfiguration;
			buildSettings = {
				ALWAYS_SEARCH_USER_PATHS = NO;
				CLANG_ANALYZER_NONNULL = YES;
				CLANG_ANALYZER_NUMBER_OBJECT_CONVERSION = YES_AGGRESSIVE;
				CLANG_CXX_LANGUAGE_STANDARD = "gnu++20";
				CLANG_ENABLE_MODULES = YES;
				CLANG_ENABLE_OBJC_ARC = YES;
				CLANG_ENABLE_OBJC_WEAK = YES;
				CLANG_WARN_BLOCK_CAPTURE_AUTORELEASING = YES;
				CLANG_WARN_BOOL_CONVERSION = YES;
				CLANG_WARN_COMMA = YES;
				CLANG_WARN_CONSTANT_CONVERSION = YES;
				CLANG_WARN_DEPRECATED_OBJC_IMPLEMENTATIONS = YES;
				CLANG_WARN_DIRECT_OBJC_ISA_USAGE = YES_ERROR;
				CLANG_WARN_DOCUMENTATION_COMMENTS = YES;
				CLANG_WARN_EMPTY_BODY = YES;
				CLANG_WARN_ENUM_CONVERSION = YES;
				CLANG_WARN_INFINITE_RECURSION = YES;
				CLANG_WARN_INT_CONVERSION = YES;
				CLANG_WARN_NON_LITERAL_NULL_CONVERSION = YES;
				CLANG_WARN_OBJC_IMPLICIT_RETAIN_SELF = YES;
				CLANG_WARN_OBJC_LITERAL_CONVERSION = YES;
				CLANG_WARN_OBJC_ROOT_CLASS = YES_ERROR;
				CLANG_WARN_QUOTED_INCLUDE_IN_FRAMEWORK_HEADER = YES;
				CLANG_WARN_RANGE_LOOP_ANALYSIS = YES;
				CLANG_WARN_STRICT_PROTOTYPES = YES;
				CLANG_WARN_SUSPICIOUS_MOVE = YES;
				CLANG_WARN_UNGUARDED_AVAILABILITY = YES_AGGRESSIVE;
				CLANG_WARN_UNREACHABLE_CODE = YES;
				CLANG_WARN__DUPLICATE_METHOD_MATCH = YES;
				COPY_PHASE_STRIP = NO;
				DEBUG_INFORMATION_FORMAT = "dwarf-with-dsym";
				ENABLE_NS_ASSERTIONS = NO;
				ENABLE_STRICT_OBJC_MSGSEND = YES;
				GCC_C_LANGUAGE_STANDARD = gnu11;
				GCC_NO_COMMON_BLOCKS = YES;
				GCC_WARN_64_TO_32_BIT_CONVERSION = YES;
				GCC_WARN_ABOUT_RETURN_TYPE = YES_ERROR;
				GCC_WARN_UNDECLARED_SELECTOR = YES;
				GCC_WARN_UNINITIALIZED_AUTOS = YES_AGGRESSIVE;
				GCC_WARN_UNUSED_FUNCTION = YES;
				GCC_WARN_UNUSED_VARIABLE = YES;
				IPHONEOS_DEPLOYMENT_TARGET = 16.2;
				MTL_ENABLE_DEBUG_INFO = NO;
				MTL_FAST_MATH = YES;
				SDKROOT = iphoneos;
				SWIFT_COMPILATION_MODE = wholemodule;
				SWIFT_OPTIMIZATION_LEVEL = "-O";
				VALIDATE_PRODUCT = YES;
			};
			name = Release;
		};
		CE87FD1F2A393409001B6CAC /* Debug */ = {
			isa = XCBuildConfiguration;
			buildSettings = {
				ASSETCATALOG_COMPILER_APPICON_NAME = AppIcon;
				ASSETCATALOG_COMPILER_GLOBAL_ACCENT_COLOR_NAME = AccentColor;
				CODE_SIGN_STYLE = Automatic;
				CURRENT_PROJECT_VERSION = 1;
				DEVELOPMENT_ASSET_PATHS = "\"EmojiArt/Preview Content\"";
				ENABLE_PREVIEWS = YES;
				GENERATE_INFOPLIST_FILE = YES;
				INFOPLIST_FILE = EmojiArt/Info.plist;
				INFOPLIST_KEY_UIApplicationSceneManifest_Generation = YES;
				INFOPLIST_KEY_UIApplicationSupportsIndirectInputEvents = YES;
				INFOPLIST_KEY_UILaunchScreen_Generation = YES;
				INFOPLIST_KEY_UISupportedInterfaceOrientations_iPad = "UIInterfaceOrientationPortrait UIInterfaceOrientationPortraitUpsideDown UIInterfaceOrientationLandscapeLeft UIInterfaceOrientationLandscapeRight";
				INFOPLIST_KEY_UISupportedInterfaceOrientations_iPhone = "UIInterfaceOrientationPortrait UIInterfaceOrientationLandscapeLeft UIInterfaceOrientationLandscapeRight";
				LD_RUNPATH_SEARCH_PATHS = (
					"$(inherited)",
					"@executable_path/Frameworks",
				);
				MARKETING_VERSION = 1.0;
				PRODUCT_BUNDLE_IDENTIFIER = edu.stanford.cs193p.kpa.EmojiArt;
				PRODUCT_NAME = "$(TARGET_NAME)";
				SWIFT_EMIT_LOC_STRINGS = YES;
				SWIFT_VERSION = 5.0;
				TARGETED_DEVICE_FAMILY = "1,2";
			};
			name = Debug;
		};
		CE87FD202A393409001B6CAC /* Release */ = {
			isa = XCBuildConfiguration;
			buildSettings = {
				ASSETCATALOG_COMPILER_APPICON_NAME = AppIcon;
				ASSETCATALOG_COMPILER_GLOBAL_ACCENT_COLOR_NAME = AccentColor;
				CODE_SIGN_STYLE = Automatic;
				CURRENT_PROJECT_VERSION = 1;
				DEVELOPMENT_ASSET_PATHS = "\"EmojiArt/Preview Content\"";
				ENABLE_PREVIEWS = YES;
				GENERATE_INFOPLIST_FILE = YES;
				INFOPLIST_FILE = EmojiArt/Info.plist;
				INFOPLIST_KEY_UIApplicationSceneManifest_Generation = YES;
				INFOPLIST_KEY_UIApplicationSupportsIndirectInputEvents = YES;
				INFOPLIST_KEY_UILaunchScreen_Generation = YES;
				INFOPLIST_KEY_UISupportedInterfaceOrientations_iPad = "UIInterfaceOrientationPortrait UIInterfaceOrientationPortraitUpsideDown UIInterfaceOrientationLandscapeLeft UIInterfaceOrientationLandscapeRight";
				INFOPLIST_KEY_UISupportedInterfaceOrientations_iPhone = "UIInterfaceOrientationPortrait UIInterfaceOrientationLandscapeLeft UIInterfaceOrientationLandscapeRight";
				LD_RUNPATH_SEARCH_PATHS = (
					"$(inherited)",
					"@executable_path/Frameworks",
				);
				MARKETING_VERSION = 1.0;
				PRODUCT_BUNDLE_IDENTIFIER = edu.stanford.cs193p.kpa.EmojiArt;
				PRODUCT_NAME = "$(TARGET_NAME)";
				SWIFT_EMIT_LOC_STRINGS = YES;
				SWIFT_VERSION = 5.0;
				TARGETED_DEVICE_FAMILY = "1,2";
			};
			name = Release;
		};
/* End XCBuildConfiguration section */

/* Begin XCConfigurationList section */
		CE87FD0B2A393407001B6CAC /* Build configuration list for PBXProject "EmojiArt" */ = {
			isa = XCConfigurationList;
			buildConfigurations = (
				CE87FD1C2A393409001B6CAC /* Debug */,
				CE87FD1D2A393409001B6CAC /* Release */,
			);
			defaultConfigurationIsVisible = 0;
			defaultConfigurationName = Release;
		};
		CE87FD1E2A393409001B6CAC /* Build configuration list for PBXNativeTarget "EmojiArt" */ = {
			isa = XCConfigurationList;
			buildConfigurations = (
				CE87FD1F2A393409001B6CAC /* Debug */,
				CE87FD202A393409001B6CAC /* Release */,
			);
			defaultConfigurationIsVisible = 0;
			defaultConfigurationName = Release;
		};
/* End XCConfigurationList section */
	};
	rootObject = CE87FD082A393407001B6CAC /* Project object */;
}
